{
  "name": "zyzx_official_website_mobile",
  "lockfileVersion": 3,
  "requires": true,
  "packages": {
    "": {
      "dependencies": {
        "driver.js": "^1.3.1"
      }
    },
    "node_modules/driver.js": {
      "version": "1.3.1",
      "resolved": "https://registry.npmmirror.com/driver.js/-/driver.js-1.3.1.tgz",
      "integrity": "sha512-MvUdXbqSgEsgS/H9KyWb5Rxy0aE6BhOVT4cssi2x2XjmXea6qQfgdx32XKVLLSqTaIw7q/uxU5Xl3NV7+cN6FQ=="
    }
  }
}
